// !$*UTF8*$!
{
	archiveVersion = 1;
	classes = {
	};
	objectVersion = 46;
	objects = {

/* Begin PBXBuildFile section */
		941B497A1942147C002FA0CF /* main.m in Sources */ = {isa = PBXBuildFile; fileRef = 941B49791942147C002FA0CF /* main.m */; };
		941B497D1942147C002FA0CF /* AppDelegate.m in Sources */ = {isa = PBXBuildFile; fileRef = 941B497C1942147C002FA0CF /* AppDelegate.m */; };
		941B49831942147C002FA0CF /* Main.storyboard in Resources */ = {isa = PBXBuildFile; fileRef = 941B49811942147C002FA0CF /* Main.storyboard */; };
		941B49851942147C002FA0CF /* Images.xcassets in Resources */ = {isa = PBXBuildFile; fileRef = 941B49841942147C002FA0CF /* Images.xcassets */; };
		941B49911942147C002FA0CF /* TestASTableTests.m in Sources */ = {isa = PBXBuildFile; fileRef = 941B49901942147C002FA0CF /* TestASTableTests.m */; };
		941B499C1942149E002FA0CF /* TestTableViewController.m in Sources */ = {isa = PBXBuildFile; fileRef = 941B499B1942149E002FA0CF /* TestTableViewController.m */; };
/* End PBXBuildFile section */

/* Begin PBXContainerItemProxy section */
		941B498B1942147C002FA0CF /* PBXContainerItemProxy */ = {
			isa = PBXContainerItemProxy;
			containerPortal = 941B496C1942147C002FA0CF /* Project object */;
			proxyType = 1;
			remoteGlobalIDString = 941B49731942147C002FA0CF;
			remoteInfo = TestASTable;
		};
/* End PBXContainerItemProxy section */

/* Begin PBXFileReference section */
		941B49741942147C002FA0CF /* TestASTable.app */ = {isa = PBXFileReference; explicitFileType = wrapper.application; includeInIndex = 0; path = TestASTable.app; sourceTree = BUILT_PRODUCTS_DIR; };
		941B49781942147C002FA0CF /* Info.plist */ = {isa = PBXFileReference; lastKnownFileType = text.plist.xml; path = Info.plist; sourceTree = "<group>"; };
		941B49791942147C002FA0CF /* main.m */ = {isa = PBXFileReference; lastKnownFileType = sourcecode.c.objc; path = main.m; sourceTree = "<group>"; };
		941B497B1942147C002FA0CF /* AppDelegate.h */ = {isa = PBXFileReference; lastKnownFileType = sourcecode.c.h; path = AppDelegate.h; sourceTree = "<group>"; };
		941B497C1942147C002FA0CF /* AppDelegate.m */ = {isa = PBXFileReference; lastKnownFileType = sourcecode.c.objc; path = AppDelegate.m; sourceTree = "<group>"; };
		941B49821942147C002FA0CF /* Base */ = {isa = PBXFileReference; lastKnownFileType = file.storyboard; name = Base; path = Base.lproj/Main.storyboard; sourceTree = "<group>"; };
		941B49841942147C002FA0CF /* Images.xcassets */ = {isa = PBXFileReference; lastKnownFileType = folder.assetcatalog; path = Images.xcassets; sourceTree = "<group>"; };
		941B498A1942147C002FA0CF /* TestASTableTests.xctest */ = {isa = PBXFileReference; explicitFileType = wrapper.cfbundle; includeInIndex = 0; path = TestASTableTests.xctest; sourceTree = BUILT_PRODUCTS_DIR; };
		941B498F1942147C002FA0CF /* Info.plist */ = {isa = PBXFileReference; lastKnownFileType = text.plist.xml; path = Info.plist; sourceTree = "<group>"; };
		941B49901942147C002FA0CF /* TestASTableTests.m */ = {isa = PBXFileReference; lastKnownFileType = sourcecode.c.objc; path = TestASTableTests.m; sourceTree = "<group>"; };
		941B499A1942149E002FA0CF /* TestTableViewController.h */ = {isa = PBXFileReference; fileEncoding = 4; lastKnownFileType = sourcecode.c.h; path = TestTableViewController.h; sourceTree = "<group>"; };
		941B499B1942149E002FA0CF /* TestTableViewController.m */ = {isa = PBXFileReference; fileEncoding = 4; lastKnownFileType = sourcecode.c.objc; path = TestTableViewController.m; sourceTree = "<group>"; };
/* End PBXFileReference section */

/* Begin PBXFrameworksBuildPhase section */
		941B49711942147C002FA0CF /* Frameworks */ = {
			isa = PBXFrameworksBuildPhase;
			buildActionMask = 2147483647;
			files = (
			);
			runOnlyForDeploymentPostprocessing = 0;
		};
		941B49871942147C002FA0CF /* Frameworks */ = {
			isa = PBXFrameworksBuildPhase;
			buildActionMask = 2147483647;
			files = (
			);
			runOnlyForDeploymentPostprocessing = 0;
		};
/* End PBXFrameworksBuildPhase section */

/* Begin PBXGroup section */
		941B496B1942147C002FA0CF = {
			isa = PBXGroup;
			children = (
				941B49761942147C002FA0CF /* TestASTable */,
				941B498D1942147C002FA0CF /* TestASTableTests */,
				941B49751942147C002FA0CF /* Products */,
			);
			sourceTree = "<group>";
		};
		941B49751942147C002FA0CF /* Products */ = {
			isa = PBXGroup;
			children = (
				941B49741942147C002FA0CF /* TestASTable.app */,
				941B498A1942147C002FA0CF /* TestASTableTests.xctest */,
			);
			name = Products;
			sourceTree = "<group>";
		};
		941B49761942147C002FA0CF /* TestASTable */ = {
			isa = PBXGroup;
			children = (
				941B497B1942147C002FA0CF /* AppDelegate.h */,
				941B497C1942147C002FA0CF /* AppDelegate.m */,
				941B49811942147C002FA0CF /* Main.storyboard */,
				941B49841942147C002FA0CF /* Images.xcassets */,
				941B49771942147C002FA0CF /* Supporting Files */,
				941B499A1942149E002FA0CF /* TestTableViewController.h */,
				941B499B1942149E002FA0CF /* TestTableViewController.m */,
			);
			path = TestASTable;
			sourceTree = "<group>";
		};
		941B49771942147C002FA0CF /* Supporting Files */ = {
			isa = PBXGroup;
			children = (
				941B49781942147C002FA0CF /* Info.plist */,
				941B49791942147C002FA0CF /* main.m */,
			);
			name = "Supporting Files";
			sourceTree = "<group>";
		};
		941B498D1942147C002FA0CF /* TestASTableTests */ = {
			isa = PBXGroup;
			children = (
				941B49901942147C002FA0CF /* TestASTableTests.m */,
				941B498E1942147C002FA0CF /* Supporting Files */,
			);
			path = TestASTableTests;
			sourceTree = "<group>";
		};
		941B498E1942147C002FA0CF /* Supporting Files */ = {
			isa = PBXGroup;
			children = (
				941B498F1942147C002FA0CF /* Info.plist */,
			);
			name = "Supporting Files";
			sourceTree = "<group>";
		};
/* End PBXGroup section */

/* Begin PBXNativeTarget section */
		941B49731942147C002FA0CF /* TestASTable */ = {
			isa = PBXNativeTarget;
			buildConfigurationList = 941B49941942147C002FA0CF /* Build configuration list for PBXNativeTarget "TestASTable" */;
			buildPhases = (
				941B49701942147C002FA0CF /* Sources */,
				941B49711942147C002FA0CF /* Frameworks */,
				941B49721942147C002FA0CF /* Resources */,
			);
			buildRules = (
			);
			dependencies = (
			);
			name = TestASTable;
			productName = TestASTable;
			productReference = 941B49741942147C002FA0CF /* TestASTable.app */;
			productType = "com.apple.product-type.application";
		};
		941B49891942147C002FA0CF /* TestASTableTests */ = {
			isa = PBXNativeTarget;
			buildConfigurationList = 941B49971942147C002FA0CF /* Build configuration list for PBXNativeTarget "TestASTableTests" */;
			buildPhases = (
				941B49861942147C002FA0CF /* Sources */,
				941B49871942147C002FA0CF /* Frameworks */,
				941B49881942147C002FA0CF /* Resources */,
			);
			buildRules = (
			);
			dependencies = (
				941B498C1942147C002FA0CF /* PBXTargetDependency */,
			);
			name = TestASTableTests;
			productName = TestASTableTests;
			productReference = 941B498A1942147C002FA0CF /* TestASTableTests.xctest */;
			productType = "com.apple.product-type.bundle.unit-test";
		};
/* End PBXNativeTarget section */

/* Begin PBXProject section */
		941B496C1942147C002FA0CF /* Project object */ = {
			isa = PBXProject;
			attributes = {
				LastUpgradeCheck = 0600;
				ORGANIZATIONNAME = "Random Accident";
				TargetAttributes = {
					941B49731942147C002FA0CF = {
						CreatedOnToolsVersion = 6.0;
					};
					941B49891942147C002FA0CF = {
						CreatedOnToolsVersion = 6.0;
						TestTargetID = 941B49731942147C002FA0CF;
					};
				};
			};
			buildConfigurationList = 941B496F1942147C002FA0CF /* Build configuration list for PBXProject "TestASTable" */;
			compatibilityVersion = "Xcode 3.2";
			developmentRegion = English;
			hasScannedForEncodings = 0;
			knownRegions = (
				en,
				Base,
			);
			mainGroup = 941B496B1942147C002FA0CF;
			productRefGroup = 941B49751942147C002FA0CF /* Products */;
			projectDirPath = "";
			projectRoot = "";
			targets = (
				941B49731942147C002FA0CF /* TestASTable */,
				941B49891942147C002FA0CF /* TestASTableTests */,
			);
		};
/* End PBXProject section */

/* Begin PBXResourcesBuildPhase section */
		941B49721942147C002FA0CF /* Resources */ = {
			isa = PBXResourcesBuildPhase;
			buildActionMask = 2147483647;
			files = (
				941B49831942147C002FA0CF /* Main.storyboard in Resources */,
				941B49851942147C002FA0CF /* Images.xcassets in Resources */,
			);
			runOnlyForDeploymentPostprocessing = 0;
		};
		941B49881942147C002FA0CF /* Resources */ = {
			isa = PBXResourcesBuildPhase;
			buildActionMask = 2147483647;
			files = (
			);
			runOnlyForDeploymentPostprocessing = 0;
		};
/* End PBXResourcesBuildPhase section */

/* Begin PBXSourcesBuildPhase section */
		941B49701942147C002FA0CF /* Sources */ = {
			isa = PBXSourcesBuildPhase;
			buildActionMask = 2147483647;
			files = (
				941B499C1942149E002FA0CF /* TestTableViewController.m in Sources */,
				941B497D1942147C002FA0CF /* AppDelegate.m in Sources */,
				941B497A1942147C002FA0CF /* main.m in Sources */,
			);
			runOnlyForDeploymentPostprocessing = 0;
		};
		941B49861942147C002FA0CF /* Sources */ = {
			isa = PBXSourcesBuildPhase;
			buildActionMask = 2147483647;
			files = (
				941B49911942147C002FA0CF /* TestASTableTests.m in Sources */,
			);
			runOnlyForDeploymentPostprocessing = 0;
		};
/* End PBXSourcesBuildPhase section */

/* Begin PBXTargetDependency section */
		941B498C1942147C002FA0CF /* PBXTargetDependency */ = {
			isa = PBXTargetDependency;
			target = 941B49731942147C002FA0CF /* TestASTable */;
			targetProxy = 941B498B1942147C002FA0CF /* PBXContainerItemProxy */;
		};
/* End PBXTargetDependency section */

/* Begin PBXVariantGroup section */
		941B49811942147C002FA0CF /* Main.storyboard */ = {
			isa = PBXVariantGroup;
			children = (
				941B49821942147C002FA0CF /* Base */,
			);
			name = Main.storyboard;
			sourceTree = "<group>";
		};
/* End PBXVariantGroup section */

/* Begin XCBuildConfiguration section */
		941B49921942147C002FA0CF /* Debug */ = {
			isa = XCBuildConfiguration;
			buildSettings = {
				ALWAYS_SEARCH_USER_PATHS = NO;
				CLANG_CXX_LANGUAGE_STANDARD = "gnu++0x";
				CLANG_CXX_LIBRARY = "libc++";
				CLANG_ENABLE_MODULES = YES;
				CLANG_ENABLE_OBJC_ARC = YES;
				CLANG_WARN_BOOL_CONVERSION = YES;
				CLANG_WARN_CONSTANT_CONVERSION = YES;
				CLANG_WARN_DIRECT_OBJC_ISA_USAGE = YES_ERROR;
				CLANG_WARN_EMPTY_BODY = YES;
				CLANG_WARN_ENUM_CONVERSION = YES;
				CLANG_WARN_INT_CONVERSION = YES;
				CLANG_WARN_OBJC_ROOT_CLASS = YES_ERROR;
				CLANG_WARN_UNREACHABLE_CODE = YES;
				CLANG_WARN__DUPLICATE_METHOD_MATCH = YES;
				"CODE_SIGN_IDENTITY[sdk=iphoneos*]" = "iPhone Developer";
				COPY_PHASE_STRIP = NO;
				ENABLE_STRICT_OBJC_MSGSEND = YES;
				GCC_C_LANGUAGE_STANDARD = gnu99;
				GCC_DYNAMIC_NO_PIC = NO;
				GCC_OPTIMIZATION_LEVEL = 0;
				GCC_PREPROCESSOR_DEFINITIONS = (
					"DEBUG=1",
					"$(inherited)",
				);
				GCC_SYMBOLS_PRIVATE_EXTERN = NO;
				GCC_WARN_64_TO_32_BIT_CONVERSION = YES;
				GCC_WARN_ABOUT_RETURN_TYPE = YES_ERROR;
				GCC_WARN_UNDECLARED_SELECTOR = YES;
				GCC_WARN_UNINITIALIZED_AUTOS = YES_AGGRESSIVE;
				GCC_WARN_UNUSED_FUNCTION = YES;
				GCC_WARN_UNUSED_VARIABLE = YES;
				IPHONEOS_DEPLOYMENT_TARGET = 8.0;
				METAL_ENABLE_DEBUG_INFO = YES;
				ONLY_ACTIVE_ARCH = YES;
				SDKROOT = iphoneos;
			};
			name = Debug;
		};
		941B49931942147C002FA0CF /* Release */ = {
			isa = XCBuildConfiguration;
			buildSettings = {
				ALWAYS_SEARCH_USER_PATHS = NO;
				CLANG_CXX_LANGUAGE_STANDARD = "gnu++0x";
				CLANG_CXX_LIBRARY = "libc++";
				CLANG_ENABLE_MODULES = YES;
				CLANG_ENABLE_OBJC_ARC = YES;
				CLANG_WARN_BOOL_CONVERSION = YES;
				CLANG_WARN_CONSTANT_CONVERSION = YES;
				CLANG_WARN_DIRECT_OBJC_ISA_USAGE = YES_ERROR;
				CLANG_WARN_EMPTY_BODY = YES;
				CLANG_WARN_ENUM_CONVERSION = YES;
				CLANG_WARN_INT_CONVERSION = YES;
				CLANG_WARN_OBJC_ROOT_CLASS = YES_ERROR;
				CLANG_WARN_UNREACHABLE_CODE = YES;
				CLANG_WARN__DUPLICATE_METHOD_MATCH = YES;
				"CODE_SIGN_IDENTITY[sdk=iphoneos*]" = "iPhone Developer";
				COPY_PHASE_STRIP = YES;
				ENABLE_NS_ASSERTIONS = NO;
				ENABLE_STRICT_OBJC_MSGSEND = YES;
				GCC_C_LANGUAGE_STANDARD = gnu99;
				GCC_WARN_64_TO_32_BIT_CONVERSION = YES;
				GCC_WARN_ABOUT_RETURN_TYPE = YES_ERROR;
				GCC_WARN_UNDECLARED_SELECTOR = YES;
				GCC_WARN_UNINITIALIZED_AUTOS = YES_AGGRESSIVE;
				GCC_WARN_UNUSED_FUNCTION = YES;
				GCC_WARN_UNUSED_VARIABLE = YES;
				IPHONEOS_DEPLOYMENT_TARGET = 8.0;
				METAL_ENABLE_DEBUG_INFO = NO;
				SDKROOT = iphoneos;
				VALIDATE_PRODUCT = YES;
			};
			name = Release;
		};
		941B49951942147C002FA0CF /* Debug */ = {
			isa = XCBuildConfiguration;
			buildSettings = {
				ASSETCATALOG_COMPILER_APPICON_NAME = AppIcon;
				ASSETCATALOG_COMPILER_LAUNCHIMAGE_NAME = LaunchImage;
				INFOPLIST_FILE = TestASTable/Info.plist;
				LD_RUNPATH_SEARCH_PATHS = "$(inherited) @executable_path/Frameworks";
				PRODUCT_NAME = "$(TARGET_NAME)";
			};
			name = Debug;
		};
		941B49961942147C002FA0CF /* Release */ = {
			isa = XCBuildConfiguration;
			buildSettings = {
				ASSETCATALOG_COMPILER_APPICON_NAME = AppIcon;
				ASSETCATALOG_COMPILER_LAUNCHIMAGE_NAME = LaunchImage;
				INFOPLIST_FILE = TestASTable/Info.plist;
				LD_RUNPATH_SEARCH_PATHS = "$(inherited) @executable_path/Frameworks";
				PRODUCT_NAME = "$(TARGET_NAME)";
			};
			name = Release;
		};
		941B49981942147C002FA0CF /* Debug */ = {
			isa = XCBuildConfiguration;
			buildSettings = {
				BUNDLE_LOADER = "$(BUILT_PRODUCTS_DIR)/TestASTable.app/TestASTable";
				FRAMEWORK_SEARCH_PATHS = (
					"$(SDKROOT)/Developer/Library/Frameworks",
					"$(inherited)",
				);
				GCC_PREPROCESSOR_DEFINITIONS = (
					"DEBUG=1",
					"$(inherited)",
				);
				INFOPLIST_FILE = TestASTableTests/Info.plist;
				LD_RUNPATH_SEARCH_PATHS = "$(inherited) @executable_path/Frameworks @loader_path/Frameworks";
				METAL_ENABLE_DEBUG_INFO = YES;
				PRODUCT_NAME = "$(TARGET_NAME)";
				TEST_HOST = "$(BUNDLE_LOADER)";
			};
			name = Debug;
		};
		941B49991942147C002FA0CF /* Release */ = {
			isa = XCBuildConfiguration;
			buildSettings = {
				BUNDLE_LOADER = "$(BUILT_PRODUCTS_DIR)/TestASTable.app/TestASTable";
				FRAMEWORK_SEARCH_PATHS = (
					"$(SDKROOT)/Developer/Library/Frameworks",
					"$(inherited)",
				);
				INFOPLIST_FILE = TestASTableTests/Info.plist;
				LD_RUNPATH_SEARCH_PATHS = "$(inherited) @executable_path/Frameworks @loader_path/Frameworks";
				METAL_ENABLE_DEBUG_INFO = NO;
				PRODUCT_NAME = "$(TARGET_NAME)";
				TEST_HOST = "$(BUNDLE_LOADER)";
			};
			name = Release;
		};
/* End XCBuildConfiguration section */

/* Begin XCConfigurationList section */
		941B496F1942147C002FA0CF /* Build configuration list for PBXProject "TestASTable" */ = {
			isa = XCConfigurationList;
			buildConfigurations = (
				941B49921942147C002FA0CF /* Debug */,
				941B49931942147C002FA0CF /* Release */,
			);
			defaultConfigurationIsVisible = 0;
			defaultConfigurationName = Release;
		};
		941B49941942147C002FA0CF /* Build configuration list for PBXNativeTarget "TestASTable" */ = {
			isa = XCConfigurationList;
			buildConfigurations = (
				941B49951942147C002FA0CF /* Debug */,
				941B49961942147C002FA0CF /* Release */,
			);
			defaultConfigurationIsVisible = 0;
		};
		941B49971942147C002FA0CF /* Build configuration list for PBXNativeTarget "TestASTableTests" */ = {
			isa = XCConfigurationList;
			buildConfigurations = (
				941B49981942147C002FA0CF /* Debug */,
				941B49991942147C002FA0CF /* Release */,
			);
			defaultConfigurationIsVisible = 0;
		};
/* End XCConfigurationList section */
	};
	rootObject = 941B496C1942147C002FA0CF /* Project object */;
}
